
Microsoft Visual Studio Solution File, Format Version 12.00
# Visual Studio Version 16
VisualStudioVersion = 16.0.31205.134
MinimumVisualStudioVersion = 10.0.40219.1
Project("{9A19103F-16F7-4668-BE54-9A1E7A4F7556}") = "auth-api", "auth-api\auth-api.csproj", "{23E7D66D-14EE-4B6C-BAB7-DA66D93F90B8}"
EndProject
Project("{FAE04EC0-301F-11D3-BF4B-00C04F79EFBC}") = "common", "common\common.csproj", "{53C0C60E-63B5-428F-99AB-AA219D09A239}"
EndProject
Global
	GlobalSection(SolutionConfigurationPlatforms) = preSolution
		Debug|Any CPU = Debug|Any CPU
		Release|Any CPU = Release|Any CPU
	EndGlobalSection
	GlobalSection(ProjectConfigurationPlatforms) = postSolution
		{23E7D66D-14EE-4B6C-BAB7-DA66D93F90B8}.Debug|Any CPU.ActiveCfg = Debug|Any CPU
		{23E7D66D-14EE-4B6C-BAB7-DA66D93F90B8}.Debug|Any CPU.Build.0 = Debug|Any CPU
		{23E7D66D-14EE-4B6C-BAB7-DA66D93F90B8}.Release|Any CPU.ActiveCfg = Release|Any CPU
		{23E7D66D-14EE-4B6C-BAB7-DA66D93F90B8}.Release|Any CPU.Build.0 = Release|Any CPU
		{53C0C60E-63B5-428F-99AB-AA219D09A239}.Debug|Any CPU.ActiveCfg = Debug|Any CPU
		{53C0C60E-63B5-428F-99AB-AA219D09A239}.Debug|Any CPU.Build.0 = Debug|Any CPU
		{53C0C60E-63B5-428F-99AB-AA219D09A239}.Release|Any CPU.ActiveCfg = Release|Any CPU
		{53C0C60E-63B5-428F-99AB-AA219D09A239}.Release|Any CPU.Build.0 = Release|Any CPU
	EndGlobalSection
	GlobalSection(SolutionProperties) = preSolution
		HideSolutionNode = FALSE
	EndGlobalSection
	GlobalSection(ExtensibilityGlobals) = postSolution
		SolutionGuid = {D6267B53-F47E-4817-A1B5-71492770D65B}
	EndGlobalSection
EndGlobal
